// !$*UTF8*$!
{
	archiveVersion = 1;
	classes = {
	};
	objectVersion = 51;
	objects = {

/* Begin PBXBuildFile section */
		C0FB0457922F40063A5912DB /* Pods_App_Store.framework in Frameworks */ = {isa = PBXBuildFile; fileRef = 1584A86D0AE1048C295226AB /* Pods_App_Store.framework */; };
		E041539024CC4C28004DC40F /* SocialApp.swift in Sources */ = {isa = PBXBuildFile; fileRef = E041538F24CC4C28004DC40F /* SocialApp.swift */; };
		E06745C724CC235800E4A242 /* AppsPageHeaderCollectionReusableView.swift in Sources */ = {isa = PBXBuildFile; fileRef = E06745C624CC235800E4A242 /* AppsPageHeaderCollectionReusableView.swift */; };
		E06745C924CC24F400E4A242 /* AppsHeaderHorizontalCollectionViewController.swift in Sources */ = {isa = PBXBuildFile; fileRef = E06745C824CC24F400E4A242 /* AppsHeaderHorizontalCollectionViewController.swift */; };
		E06745CB24CC26C100E4A242 /* AppsHeaderCollectionViewCell.swift in Sources */ = {isa = PBXBuildFile; fileRef = E06745CA24CC26C100E4A242 /* AppsHeaderCollectionViewCell.swift */; };
		E06745D424CC2E4B00E4A242 /* GamesAuthor.swift in Sources */ = {isa = PBXBuildFile; fileRef = E06745CE24CC2E4A00E4A242 /* GamesAuthor.swift */; };
		E06745D624CC2E4B00E4A242 /* GamesFeed.swift in Sources */ = {isa = PBXBuildFile; fileRef = E06745D024CC2E4B00E4A242 /* GamesFeed.swift */; };
		E06745D724CC2E4B00E4A242 /* GamesResults.swift in Sources */ = {isa = PBXBuildFile; fileRef = E06745D124CC2E4B00E4A242 /* GamesResults.swift */; };
		E06745D824CC2E4B00E4A242 /* AppGroup.swift in Sources */ = {isa = PBXBuildFile; fileRef = E06745D224CC2E4B00E4A242 /* AppGroup.swift */; };
		E06745D924CC2E4B00E4A242 /* GamesGenres.swift in Sources */ = {isa = PBXBuildFile; fileRef = E06745D324CC2E4B00E4A242 /* GamesGenres.swift */; };
		E0691F9324CC8ECF00997DE2 /* HorizontalSnappingCollectionViewController.swift in Sources */ = {isa = PBXBuildFile; fileRef = E0691F9224CC8ECF00997DE2 /* HorizontalSnappingCollectionViewController.swift */; };
		E0691F9524CC994600997DE2 /* BetterSnappingLayout.swift in Sources */ = {isa = PBXBuildFile; fileRef = E0691F9424CC994600997DE2 /* BetterSnappingLayout.swift */; };
		E0691F9824CCC60B00997DE2 /* AppDetailsCollectionViewController.swift in Sources */ = {isa = PBXBuildFile; fileRef = E0691F9724CCC60B00997DE2 /* AppDetailsCollectionViewController.swift */; };
		E0691F9B24CCCB7000997DE2 /* AppDetailsCollectionViewCell.swift in Sources */ = {isa = PBXBuildFile; fileRef = E0691F9A24CCCB7000997DE2 /* AppDetailsCollectionViewCell.swift */; };
		E09020B824CD0E53000161E8 /* PreviewCollectionViewCell.swift in Sources */ = {isa = PBXBuildFile; fileRef = E09020B724CD0E53000161E8 /* PreviewCollectionViewCell.swift */; };
		E09020BC24CD0F8F000161E8 /* PreviewScreenshotsCollectionViewController.swift in Sources */ = {isa = PBXBuildFile; fileRef = E09020BB24CD0F8F000161E8 /* PreviewScreenshotsCollectionViewController.swift */; };
		E09020BE24CD15A5000161E8 /* ReviewRowCollectionViewCell.swift in Sources */ = {isa = PBXBuildFile; fileRef = E09020BD24CD15A5000161E8 /* ReviewRowCollectionViewCell.swift */; };
		E09020C024CD1742000161E8 /* ReviewsCollectionViewController.swift in Sources */ = {isa = PBXBuildFile; fileRef = E09020BF24CD1742000161E8 /* ReviewsCollectionViewController.swift */; };
		E09020C224CD1930000161E8 /* ReviewCollectionViewCell.swift in Sources */ = {isa = PBXBuildFile; fileRef = E09020C124CD1930000161E8 /* ReviewCollectionViewCell.swift */; };
		E09020C524CD1EB0000161E8 /* Reviews.swift in Sources */ = {isa = PBXBuildFile; fileRef = E09020C424CD1EB0000161E8 /* Reviews.swift */; };
		E09020C724CD2DD7000161E8 /* ScreenshotCollectionViewCell.swift in Sources */ = {isa = PBXBuildFile; fileRef = E09020C624CD2DD7000161E8 /* ScreenshotCollectionViewCell.swift */; };
		E09020CA24CD3754000161E8 /* TodayCollectionViewController.swift in Sources */ = {isa = PBXBuildFile; fileRef = E09020C924CD3753000161E8 /* TodayCollectionViewController.swift */; };
		E09020CD24CD3811000161E8 /* TodayCollectionViewCell.swift in Sources */ = {isa = PBXBuildFile; fileRef = E09020CC24CD3811000161E8 /* TodayCollectionViewCell.swift */; };
		E09020CF24CD460B000161E8 /* AppFullScreenTableViewController.swift in Sources */ = {isa = PBXBuildFile; fileRef = E09020CE24CD460B000161E8 /* AppFullScreenTableViewController.swift */; };
		E09020D124CD489B000161E8 /* AppFullScreenDescriptionTableViewCell.swift in Sources */ = {isa = PBXBuildFile; fileRef = E09020D024CD489B000161E8 /* AppFullScreenDescriptionTableViewCell.swift */; };
		E09020D324CD5402000161E8 /* AppFullScreenHeaderTableViewCell.swift in Sources */ = {isa = PBXBuildFile; fileRef = E09020D224CD5402000161E8 /* AppFullScreenHeaderTableViewCell.swift */; };
		E09020D624CE6A0C000161E8 /* TodayItem.swift in Sources */ = {isa = PBXBuildFile; fileRef = E09020D524CE6A0C000161E8 /* TodayItem.swift */; };
		E09020D824CE8E22000161E8 /* TodayMultiAppCollectionViewCell.swift in Sources */ = {isa = PBXBuildFile; fileRef = E09020D724CE8E22000161E8 /* TodayMultiAppCollectionViewCell.swift */; };
		E0A8824424CC10EB00482B87 /* AppsPageCollectionViewController.swift in Sources */ = {isa = PBXBuildFile; fileRef = E0A8824324CC10EB00482B87 /* AppsPageCollectionViewController.swift */; };
		E0A8824724CC117C00482B87 /* BaseListCollectionViewController.swift in Sources */ = {isa = PBXBuildFile; fileRef = E0A8824624CC117C00482B87 /* BaseListCollectionViewController.swift */; };
		E0B3EAAB24CC13FD00538810 /* AppsGroupCollectionViewCell.swift in Sources */ = {isa = PBXBuildFile; fileRef = E0B3EAAA24CC13FD00538810 /* AppsGroupCollectionViewCell.swift */; };
		E0B3EAAD24CC169000538810 /* AppsHorizontalCollectionViewController.swift in Sources */ = {isa = PBXBuildFile; fileRef = E0B3EAAC24CC169000538810 /* AppsHorizontalCollectionViewController.swift */; };
		E0B3EAAF24CC1C6500538810 /* AppRowCollectionViewCell.swift in Sources */ = {isa = PBXBuildFile; fileRef = E0B3EAAE24CC1C6500538810 /* AppRowCollectionViewCell.swift */; };
		E0B3EAB124CC1D0B00538810 /* Extensions.swift in Sources */ = {isa = PBXBuildFile; fileRef = E0B3EAB024CC1D0B00538810 /* Extensions.swift */; };
		E0DA935B24CBC6E5005C03E2 /* SearchResultCollectionViewCell.swift in Sources */ = {isa = PBXBuildFile; fileRef = E0DA935A24CBC6E5005C03E2 /* SearchResultCollectionViewCell.swift */; };
		E0DA935F24CBCD73005C03E2 /* UIView+Layout.swift in Sources */ = {isa = PBXBuildFile; fileRef = E0DA935E24CBCD73005C03E2 /* UIView+Layout.swift */; };
		E0DA936124CBD12C005C03E2 /* VerticalStackView.swift in Sources */ = {isa = PBXBuildFile; fileRef = E0DA936024CBD12C005C03E2 /* VerticalStackView.swift */; };
		E0DA936424CBD9FF005C03E2 /* SearchResult.swift in Sources */ = {isa = PBXBuildFile; fileRef = E0DA936324CBD9FF005C03E2 /* SearchResult.swift */; };
		E0DA936624CBDA05005C03E2 /* Results.swift in Sources */ = {isa = PBXBuildFile; fileRef = E0DA936524CBDA05005C03E2 /* Results.swift */; };
		E0DA936924CBE195005C03E2 /* Service.swift in Sources */ = {isa = PBXBuildFile; fileRef = E0DA936824CBE195005C03E2 /* Service.swift */; };
		E0E0963224CE95C0002B10E1 /* BaseTodayCollectionViewCell.swift in Sources */ = {isa = PBXBuildFile; fileRef = E0E0963124CE95C0002B10E1 /* BaseTodayCollectionViewCell.swift */; };
		E0E0963424CE9744002B10E1 /* TodayMultipleAppsCollectionViewController.swift in Sources */ = {isa = PBXBuildFile; fileRef = E0E0963324CE9744002B10E1 /* TodayMultipleAppsCollectionViewController.swift */; };
		E0E0963624CE97C2002B10E1 /* MultipleAppCollectionViewCell.swift in Sources */ = {isa = PBXBuildFile; fileRef = E0E0963524CE97C2002B10E1 /* MultipleAppCollectionViewCell.swift */; };
		E0E0963824CEAFC7002B10E1 /* BackEnabledNavigationController.swift in Sources */ = {isa = PBXBuildFile; fileRef = E0E0963724CEAFC7002B10E1 /* BackEnabledNavigationController.swift */; };
		E0FAFD6324CBB52900C8C685 /* AppDelegate.swift in Sources */ = {isa = PBXBuildFile; fileRef = E0FAFD6224CBB52900C8C685 /* AppDelegate.swift */; };
		E0FAFD6524CBB52900C8C685 /* SceneDelegate.swift in Sources */ = {isa = PBXBuildFile; fileRef = E0FAFD6424CBB52900C8C685 /* SceneDelegate.swift */; };
		E0FAFD6724CBB52900C8C685 /* ViewController.swift in Sources */ = {isa = PBXBuildFile; fileRef = E0FAFD6624CBB52900C8C685 /* ViewController.swift */; };
		E0FAFD6A24CBB52900C8C685 /* Main.storyboard in Resources */ = {isa = PBXBuildFile; fileRef = E0FAFD6824CBB52900C8C685 /* Main.storyboard */; };
		E0FAFD6C24CBB52E00C8C685 /* Assets.xcassets in Resources */ = {isa = PBXBuildFile; fileRef = E0FAFD6B24CBB52E00C8C685 /* Assets.xcassets */; };
		E0FAFD6F24CBB52E00C8C685 /* LaunchScreen.storyboard in Resources */ = {isa = PBXBuildFile; fileRef = E0FAFD6D24CBB52E00C8C685 /* LaunchScreen.storyboard */; };
		E0FAFD7724CBB5DA00C8C685 /* BaseTabBarViewController.swift in Sources */ = {isa = PBXBuildFile; fileRef = E0FAFD7624CBB5DA00C8C685 /* BaseTabBarViewController.swift */; };
		E0FAFD7A24CBC13A00C8C685 /* AppsSearchCollectionViewController.swift in Sources */ = {isa = PBXBuildFile; fileRef = E0FAFD7924CBC13A00C8C685 /* AppsSearchCollectionViewController.swift */; };
/* End PBXBuildFile section */

/* Begin PBXFileReference section */
		1584A86D0AE1048C295226AB /* Pods_App_Store.framework */ = {isa = PBXFileReference; explicitFileType = wrapper.framework; includeInIndex = 0; path = Pods_App_Store.framework; sourceTree = BUILT_PRODUCTS_DIR; };
		18D9506E54229D7C13D33E14 /* Pods-App Store.release.xcconfig */ = {isa = PBXFileReference; includeInIndex = 1; lastKnownFileType = text.xcconfig; name = "Pods-App Store.release.xcconfig"; path = "Target Support Files/Pods-App Store/Pods-App Store.release.xcconfig"; sourceTree = "<group>"; };
		E041538F24CC4C28004DC40F /* SocialApp.swift */ = {isa = PBXFileReference; fileEncoding = 4; lastKnownFileType = sourcecode.swift; path = SocialApp.swift; sourceTree = "<group>"; };
		E06745C624CC235800E4A242 /* AppsPageHeaderCollectionReusableView.swift */ = {isa = PBXFileReference; lastKnownFileType = sourcecode.swift; path = AppsPageHeaderCollectionReusableView.swift; sourceTree = "<group>"; };
		E06745C824CC24F400E4A242 /* AppsHeaderHorizontalCollectionViewController.swift */ = {isa = PBXFileReference; lastKnownFileType = sourcecode.swift; path = AppsHeaderHorizontalCollectionViewController.swift; sourceTree = "<group>"; };
		E06745CA24CC26C100E4A242 /* AppsHeaderCollectionViewCell.swift */ = {isa = PBXFileReference; lastKnownFileType = sourcecode.swift; path = AppsHeaderCollectionViewCell.swift; sourceTree = "<group>"; };
		E06745CE24CC2E4A00E4A242 /* GamesAuthor.swift */ = {isa = PBXFileReference; fileEncoding = 4; lastKnownFileType = sourcecode.swift; path = GamesAuthor.swift; sourceTree = "<group>"; };
		E06745D024CC2E4B00E4A242 /* GamesFeed.swift */ = {isa = PBXFileReference; fileEncoding = 4; lastKnownFileType = sourcecode.swift; path = GamesFeed.swift; sourceTree = "<group>"; };
		E06745D124CC2E4B00E4A242 /* GamesResults.swift */ = {isa = PBXFileReference; fileEncoding = 4; lastKnownFileType = sourcecode.swift; path = GamesResults.swift; sourceTree = "<group>"; };
		E06745D224CC2E4B00E4A242 /* AppGroup.swift */ = {isa = PBXFileReference; fileEncoding = 4; lastKnownFileType = sourcecode.swift; path = AppGroup.swift; sourceTree = "<group>"; };
		E06745D324CC2E4B00E4A242 /* GamesGenres.swift */ = {isa = PBXFileReference; fileEncoding = 4; lastKnownFileType = sourcecode.swift; path = GamesGenres.swift; sourceTree = "<group>"; };
		E0691F9224CC8ECF00997DE2 /* HorizontalSnappingCollectionViewController.swift */ = {isa = PBXFileReference; lastKnownFileType = sourcecode.swift; path = HorizontalSnappingCollectionViewController.swift; sourceTree = "<group>"; };
		E0691F9424CC994600997DE2 /* BetterSnappingLayout.swift */ = {isa = PBXFileReference; lastKnownFileType = sourcecode.swift; path = BetterSnappingLayout.swift; sourceTree = "<group>"; };
		E0691F9724CCC60B00997DE2 /* AppDetailsCollectionViewController.swift */ = {isa = PBXFileReference; lastKnownFileType = sourcecode.swift; path = AppDetailsCollectionViewController.swift; sourceTree = "<group>"; };
		E0691F9A24CCCB7000997DE2 /* AppDetailsCollectionViewCell.swift */ = {isa = PBXFileReference; lastKnownFileType = sourcecode.swift; path = AppDetailsCollectionViewCell.swift; sourceTree = "<group>"; };
		E09020B724CD0E53000161E8 /* PreviewCollectionViewCell.swift */ = {isa = PBXFileReference; lastKnownFileType = sourcecode.swift; path = PreviewCollectionViewCell.swift; sourceTree = "<group>"; };
		E09020BB24CD0F8F000161E8 /* PreviewScreenshotsCollectionViewController.swift */ = {isa = PBXFileReference; lastKnownFileType = sourcecode.swift; path = PreviewScreenshotsCollectionViewController.swift; sourceTree = "<group>"; };
		E09020BD24CD15A5000161E8 /* ReviewRowCollectionViewCell.swift */ = {isa = PBXFileReference; lastKnownFileType = sourcecode.swift; path = ReviewRowCollectionViewCell.swift; sourceTree = "<group>"; };
		E09020BF24CD1742000161E8 /* ReviewsCollectionViewController.swift */ = {isa = PBXFileReference; lastKnownFileType = sourcecode.swift; path = ReviewsCollectionViewController.swift; sourceTree = "<group>"; };
		E09020C124CD1930000161E8 /* ReviewCollectionViewCell.swift */ = {isa = PBXFileReference; lastKnownFileType = sourcecode.swift; path = ReviewCollectionViewCell.swift; sourceTree = "<group>"; };
		E09020C424CD1EB0000161E8 /* Reviews.swift */ = {isa = PBXFileReference; lastKnownFileType = sourcecode.swift; path = Reviews.swift; sourceTree = "<group>"; };
		E09020C624CD2DD7000161E8 /* ScreenshotCollectionViewCell.swift */ = {isa = PBXFileReference; lastKnownFileType = sourcecode.swift; path = ScreenshotCollectionViewCell.swift; sourceTree = "<group>"; };
		E09020C924CD3753000161E8 /* TodayCollectionViewController.swift */ = {isa = PBXFileReference; lastKnownFileType = sourcecode.swift; path = TodayCollectionViewController.swift; sourceTree = "<group>"; };
		E09020CC24CD3811000161E8 /* TodayCollectionViewCell.swift */ = {isa = PBXFileReference; lastKnownFileType = sourcecode.swift; path = TodayCollectionViewCell.swift; sourceTree = "<group>"; };
		E09020CE24CD460B000161E8 /* AppFullScreenTableViewController.swift */ = {isa = PBXFileReference; lastKnownFileType = sourcecode.swift; path = AppFullScreenTableViewController.swift; sourceTree = "<group>"; };
		E09020D024CD489B000161E8 /* AppFullScreenDescriptionTableViewCell.swift */ = {isa = PBXFileReference; lastKnownFileType = sourcecode.swift; path = AppFullScreenDescriptionTableViewCell.swift; sourceTree = "<group>"; };
		E09020D224CD5402000161E8 /* AppFullScreenHeaderTableViewCell.swift */ = {isa = PBXFileReference; lastKnownFileType = sourcecode.swift; path = AppFullScreenHeaderTableViewCell.swift; sourceTree = "<group>"; };
		E09020D524CE6A0C000161E8 /* TodayItem.swift */ = {isa = PBXFileReference; lastKnownFileType = sourcecode.swift; path = TodayItem.swift; sourceTree = "<group>"; };
		E09020D724CE8E22000161E8 /* TodayMultiAppCollectionViewCell.swift */ = {isa = PBXFileReference; lastKnownFileType = sourcecode.swift; path = TodayMultiAppCollectionViewCell.swift; sourceTree = "<group>"; };
		E0A8824324CC10EB00482B87 /* AppsPageCollectionViewController.swift */ = {isa = PBXFileReference; lastKnownFileType = sourcecode.swift; path = AppsPageCollectionViewController.swift; sourceTree = "<group>"; };
		E0A8824624CC117C00482B87 /* BaseListCollectionViewController.swift */ = {isa = PBXFileReference; lastKnownFileType = sourcecode.swift; path = BaseListCollectionViewController.swift; sourceTree = "<group>"; };
		E0B3EAAA24CC13FD00538810 /* AppsGroupCollectionViewCell.swift */ = {isa = PBXFileReference; lastKnownFileType = sourcecode.swift; path = AppsGroupCollectionViewCell.swift; sourceTree = "<group>"; };
		E0B3EAAC24CC169000538810 /* AppsHorizontalCollectionViewController.swift */ = {isa = PBXFileReference; lastKnownFileType = sourcecode.swift; path = AppsHorizontalCollectionViewController.swift; sourceTree = "<group>"; };
		E0B3EAAE24CC1C6500538810 /* AppRowCollectionViewCell.swift */ = {isa = PBXFileReference; lastKnownFileType = sourcecode.swift; path = AppRowCollectionViewCell.swift; sourceTree = "<group>"; };
		E0B3EAB024CC1D0B00538810 /* Extensions.swift */ = {isa = PBXFileReference; lastKnownFileType = sourcecode.swift; path = Extensions.swift; sourceTree = "<group>"; };
		E0DA935A24CBC6E5005C03E2 /* SearchResultCollectionViewCell.swift */ = {isa = PBXFileReference; lastKnownFileType = sourcecode.swift; path = SearchResultCollectionViewCell.swift; sourceTree = "<group>"; };
		E0DA935E24CBCD73005C03E2 /* UIView+Layout.swift */ = {isa = PBXFileReference; fileEncoding = 4; lastKnownFileType = sourcecode.swift; path = "UIView+Layout.swift"; sourceTree = "<group>"; };
		E0DA936024CBD12C005C03E2 /* VerticalStackView.swift */ = {isa = PBXFileReference; lastKnownFileType = sourcecode.swift; path = VerticalStackView.swift; sourceTree = "<group>"; };
		E0DA936324CBD9FF005C03E2 /* SearchResult.swift */ = {isa = PBXFileReference; fileEncoding = 4; lastKnownFileType = sourcecode.swift; path = SearchResult.swift; sourceTree = "<group>"; };
		E0DA936524CBDA05005C03E2 /* Results.swift */ = {isa = PBXFileReference; fileEncoding = 4; lastKnownFileType = sourcecode.swift; path = Results.swift; sourceTree = "<group>"; };
		E0DA936824CBE195005C03E2 /* Service.swift */ = {isa = PBXFileReference; lastKnownFileType = sourcecode.swift; path = Service.swift; sourceTree = "<group>"; };
		E0E0963124CE95C0002B10E1 /* BaseTodayCollectionViewCell.swift */ = {isa = PBXFileReference; lastKnownFileType = sourcecode.swift; path = BaseTodayCollectionViewCell.swift; sourceTree = "<group>"; };
		E0E0963324CE9744002B10E1 /* TodayMultipleAppsCollectionViewController.swift */ = {isa = PBXFileReference; lastKnownFileType = sourcecode.swift; path = TodayMultipleAppsCollectionViewController.swift; sourceTree = "<group>"; };
		E0E0963524CE97C2002B10E1 /* MultipleAppCollectionViewCell.swift */ = {isa = PBXFileReference; lastKnownFileType = sourcecode.swift; path = MultipleAppCollectionViewCell.swift; sourceTree = "<group>"; };
		E0E0963724CEAFC7002B10E1 /* BackEnabledNavigationController.swift */ = {isa = PBXFileReference; lastKnownFileType = sourcecode.swift; path = BackEnabledNavigationController.swift; sourceTree = "<group>"; };
		E0FAFD5F24CBB52900C8C685 /* App Store.app */ = {isa = PBXFileReference; explicitFileType = wrapper.application; includeInIndex = 0; path = "App Store.app"; sourceTree = BUILT_PRODUCTS_DIR; };
		E0FAFD6224CBB52900C8C685 /* AppDelegate.swift */ = {isa = PBXFileReference; lastKnownFileType = sourcecode.swift; path = AppDelegate.swift; sourceTree = "<group>"; };
		E0FAFD6424CBB52900C8C685 /* SceneDelegate.swift */ = {isa = PBXFileReference; lastKnownFileType = sourcecode.swift; path = SceneDelegate.swift; sourceTree = "<group>"; };
		E0FAFD6624CBB52900C8C685 /* ViewController.swift */ = {isa = PBXFileReference; lastKnownFileType = sourcecode.swift; path = ViewController.swift; sourceTree = "<group>"; };
		E0FAFD6924CBB52900C8C685 /* Base */ = {isa = PBXFileReference; lastKnownFileType = file.storyboard; name = Base; path = Base.lproj/Main.storyboard; sourceTree = "<group>"; };
		E0FAFD6B24CBB52E00C8C685 /* Assets.xcassets */ = {isa = PBXFileReference; lastKnownFileType = folder.assetcatalog; path = Assets.xcassets; sourceTree = "<group>"; };
		E0FAFD6E24CBB52E00C8C685 /* Base */ = {isa = PBXFileReference; lastKnownFileType = file.storyboard; name = Base; path = Base.lproj/LaunchScreen.storyboard; sourceTree = "<group>"; };
		E0FAFD7024CBB52E00C8C685 /* Info.plist */ = {isa = PBXFileReference; lastKnownFileType = text.plist.xml; path = Info.plist; sourceTree = "<group>"; };
		E0FAFD7624CBB5DA00C8C685 /* BaseTabBarViewController.swift */ = {isa = PBXFileReference; lastKnownFileType = sourcecode.swift; path = BaseTabBarViewController.swift; sourceTree = "<group>"; };
		E0FAFD7924CBC13A00C8C685 /* AppsSearchCollectionViewController.swift */ = {isa = PBXFileReference; lastKnownFileType = sourcecode.swift; path = AppsSearchCollectionViewController.swift; sourceTree = "<group>"; };
		F5F1F409E263253375E96D3E /* Pods-App Store.debug.xcconfig */ = {isa = PBXFileReference; includeInIndex = 1; lastKnownFileType = text.xcconfig; name = "Pods-App Store.debug.xcconfig"; path = "Target Support Files/Pods-App Store/Pods-App Store.debug.xcconfig"; sourceTree = "<group>"; };
/* End PBXFileReference section */

/* Begin PBXFrameworksBuildPhase section */
		E0FAFD5C24CBB52900C8C685 /* Frameworks */ = {
			isa = PBXFrameworksBuildPhase;
			buildActionMask = 2147483647;
			files = (
				C0FB0457922F40063A5912DB /* Pods_App_Store.framework in Frameworks */,
			);
			runOnlyForDeploymentPostprocessing = 0;
		};
/* End PBXFrameworksBuildPhase section */

/* Begin PBXGroup section */
		A8D036095AB139BE8E8F32E6 /* Frameworks */ = {
			isa = PBXGroup;
			children = (
				1584A86D0AE1048C295226AB /* Pods_App_Store.framework */,
			);
			name = Frameworks;
			sourceTree = "<group>";
		};
		D45E546FC2A5F3B28EA34FD8 /* Pods */ = {
			isa = PBXGroup;
			children = (
				F5F1F409E263253375E96D3E /* Pods-App Store.debug.xcconfig */,
				18D9506E54229D7C13D33E14 /* Pods-App Store.release.xcconfig */,
			);
			path = Pods;
			sourceTree = "<group>";
		};
		E041538E24CC4C18004DC40F /* SocialApp */ = {
			isa = PBXGroup;
			children = (
				E041538F24CC4C28004DC40F /* SocialApp.swift */,
			);
			path = SocialApp;
			sourceTree = "<group>";
		};
		E06745CC24CC2E1A00E4A242 /* Search */ = {
			isa = PBXGroup;
			children = (
				E0DA936324CBD9FF005C03E2 /* SearchResult.swift */,
				E0DA936524CBDA05005C03E2 /* Results.swift */,
			);
			path = Search;
			sourceTree = "<group>";
		};
		E06745CD24CC2E2700E4A242 /* Apps */ = {
			isa = PBXGroup;
			children = (
				E06745D224CC2E4B00E4A242 /* AppGroup.swift */,
				E06745D024CC2E4B00E4A242 /* GamesFeed.swift */,
				E06745CE24CC2E4A00E4A242 /* GamesAuthor.swift */,
				E06745D124CC2E4B00E4A242 /* GamesResults.swift */,
				E06745D324CC2E4B00E4A242 /* GamesGenres.swift */,
			);
			path = Apps;
			sourceTree = "<group>";
		};
		E0691F9624CCC5EB00997DE2 /* Details */ = {
			isa = PBXGroup;
			children = (
				E0691F9724CCC60B00997DE2 /* AppDetailsCollectionViewController.swift */,
				E09020BB24CD0F8F000161E8 /* PreviewScreenshotsCollectionViewController.swift */,
				E09020BF24CD1742000161E8 /* ReviewsCollectionViewController.swift */,
			);
			path = Details;
			sourceTree = "<group>";
		};
		E0691F9924CCCB5B00997DE2 /* Details */ = {
			isa = PBXGroup;
			children = (
				E0691F9A24CCCB7000997DE2 /* AppDetailsCollectionViewCell.swift */,
				E09020B724CD0E53000161E8 /* PreviewCollectionViewCell.swift */,
				E09020C624CD2DD7000161E8 /* ScreenshotCollectionViewCell.swift */,
				E09020BD24CD15A5000161E8 /* ReviewRowCollectionViewCell.swift */,
				E09020C124CD1930000161E8 /* ReviewCollectionViewCell.swift */,
			);
			path = Details;
			sourceTree = "<group>";
		};
		E09020C324CD1E96000161E8 /* Reviews */ = {
			isa = PBXGroup;
			children = (
				E09020C424CD1EB0000161E8 /* Reviews.swift */,
			);
			path = Reviews;
			sourceTree = "<group>";
		};
		E09020C824CD3736000161E8 /* Today */ = {
			isa = PBXGroup;
			children = (
				E09020C924CD3753000161E8 /* TodayCollectionViewController.swift */,
				E09020CE24CD460B000161E8 /* AppFullScreenTableViewController.swift */,
				E0E0963324CE9744002B10E1 /* TodayMultipleAppsCollectionViewController.swift */,
				E0E0963724CEAFC7002B10E1 /* BackEnabledNavigationController.swift */,
			);
			path = Today;
			sourceTree = "<group>";
		};
		E09020CB24CD3804000161E8 /* Today */ = {
			isa = PBXGroup;
			children = (
				E09020CC24CD3811000161E8 /* TodayCollectionViewCell.swift */,
				E09020D024CD489B000161E8 /* AppFullScreenDescriptionTableViewCell.swift */,
				E09020D224CD5402000161E8 /* AppFullScreenHeaderTableViewCell.swift */,
				E09020D724CE8E22000161E8 /* TodayMultiAppCollectionViewCell.swift */,
				E0E0963124CE95C0002B10E1 /* BaseTodayCollectionViewCell.swift */,
				E0E0963524CE97C2002B10E1 /* MultipleAppCollectionViewCell.swift */,
			);
			path = Today;
			sourceTree = "<group>";
		};
		E09020D424CE6A02000161E8 /* Today */ = {
			isa = PBXGroup;
			children = (
				E09020D524CE6A0C000161E8 /* TodayItem.swift */,
			);
			path = Today;
			sourceTree = "<group>";
		};
		E0A8824024CC10C600482B87 /* Apps */ = {
			isa = PBXGroup;
			children = (
				E0691F9624CCC5EB00997DE2 /* Details */,
				E0A8824324CC10EB00482B87 /* AppsPageCollectionViewController.swift */,
				E0B3EAAC24CC169000538810 /* AppsHorizontalCollectionViewController.swift */,
				E06745C824CC24F400E4A242 /* AppsHeaderHorizontalCollectionViewController.swift */,
			);
			path = Apps;
			sourceTree = "<group>";
		};
		E0A8824824CC11DB00482B87 /* Search */ = {
			isa = PBXGroup;
			children = (
				E0FAFD7924CBC13A00C8C685 /* AppsSearchCollectionViewController.swift */,
			);
			path = Search;
			sourceTree = "<group>";
		};
		E0B3EAA924CC13E000538810 /* Apps */ = {
			isa = PBXGroup;
			children = (
				E0691F9924CCCB5B00997DE2 /* Details */,
				E0B3EAAA24CC13FD00538810 /* AppsGroupCollectionViewCell.swift */,
				E0B3EAAE24CC1C6500538810 /* AppRowCollectionViewCell.swift */,
				E06745C624CC235800E4A242 /* AppsPageHeaderCollectionReusableView.swift */,
				E06745CA24CC26C100E4A242 /* AppsHeaderCollectionViewCell.swift */,
			);
			path = Apps;
			sourceTree = "<group>";
		};
		E0DA935924CBC6B7005C03E2 /* Views */ = {
			isa = PBXGroup;
			children = (
				E09020CB24CD3804000161E8 /* Today */,
				E0B3EAA924CC13E000538810 /* Apps */,
				E0DA935A24CBC6E5005C03E2 /* SearchResultCollectionViewCell.swift */,
			);
			path = Views;
			sourceTree = "<group>";
		};
		E0DA935C24CBCD36005C03E2 /* Helpers */ = {
			isa = PBXGroup;
			children = (
				E0DA935E24CBCD73005C03E2 /* UIView+Layout.swift */,
				E0DA936024CBD12C005C03E2 /* VerticalStackView.swift */,
				E0B3EAB024CC1D0B00538810 /* Extensions.swift */,
				E0691F9424CC994600997DE2 /* BetterSnappingLayout.swift */,
			);
			path = Helpers;
			sourceTree = "<group>";
		};
		E0DA936224CBD9F3005C03E2 /* Model */ = {
			isa = PBXGroup;
			children = (
				E09020D424CE6A02000161E8 /* Today */,
				E06745CC24CC2E1A00E4A242 /* Search */,
				E06745CD24CC2E2700E4A242 /* Apps */,
				E041538E24CC4C18004DC40F /* SocialApp */,
				E09020C324CD1E96000161E8 /* Reviews */,
			);
			path = Model;
			sourceTree = "<group>";
		};
		E0DA936724CBE17B005C03E2 /* Service */ = {
			isa = PBXGroup;
			children = (
				E0DA936824CBE195005C03E2 /* Service.swift */,
			);
			path = Service;
			sourceTree = "<group>";
		};
		E0FAFD5624CBB52900C8C685 = {
			isa = PBXGroup;
			children = (
				E0FAFD6124CBB52900C8C685 /* App Store */,
				E0FAFD6024CBB52900C8C685 /* Products */,
				D45E546FC2A5F3B28EA34FD8 /* Pods */,
				A8D036095AB139BE8E8F32E6 /* Frameworks */,
			);
			sourceTree = "<group>";
		};
		E0FAFD6024CBB52900C8C685 /* Products */ = {
			isa = PBXGroup;
			children = (
				E0FAFD5F24CBB52900C8C685 /* App Store.app */,
			);
			name = Products;
			sourceTree = "<group>";
		};
		E0FAFD6124CBB52900C8C685 /* App Store */ = {
			isa = PBXGroup;
			children = (
				E0DA936724CBE17B005C03E2 /* Service */,
				E0DA936224CBD9F3005C03E2 /* Model */,
				E0DA935C24CBCD36005C03E2 /* Helpers */,
				E0DA935924CBC6B7005C03E2 /* Views */,
				E0FAFD7824CBC0D400C8C685 /* Controller */,
				E0FAFD6224CBB52900C8C685 /* AppDelegate.swift */,
				E0FAFD6424CBB52900C8C685 /* SceneDelegate.swift */,
				E0FAFD6624CBB52900C8C685 /* ViewController.swift */,
				E0FAFD6824CBB52900C8C685 /* Main.storyboard */,
				E0FAFD6B24CBB52E00C8C685 /* Assets.xcassets */,
				E0FAFD6D24CBB52E00C8C685 /* LaunchScreen.storyboard */,
				E0FAFD7024CBB52E00C8C685 /* Info.plist */,
			);
			path = "App Store";
			sourceTree = "<group>";
		};
		E0FAFD7824CBC0D400C8C685 /* Controller */ = {
			isa = PBXGroup;
			children = (
				E09020C824CD3736000161E8 /* Today */,
				E0A8824824CC11DB00482B87 /* Search */,
				E0A8824024CC10C600482B87 /* Apps */,
				E0FAFD7624CBB5DA00C8C685 /* BaseTabBarViewController.swift */,
				E0A8824624CC117C00482B87 /* BaseListCollectionViewController.swift */,
				E0691F9224CC8ECF00997DE2 /* HorizontalSnappingCollectionViewController.swift */,
			);
			path = Controller;
			sourceTree = "<group>";
		};
/* End PBXGroup section */

/* Begin PBXNativeTarget section */
		E0FAFD5E24CBB52900C8C685 /* App Store */ = {
			isa = PBXNativeTarget;
			buildConfigurationList = E0FAFD7324CBB52E00C8C685 /* Build configuration list for PBXNativeTarget "App Store" */;
			buildPhases = (
				1AA92A3AA8E3C470E7564E8A /* [CP] Check Pods Manifest.lock */,
				E0FAFD5B24CBB52900C8C685 /* Sources */,
				E0FAFD5C24CBB52900C8C685 /* Frameworks */,
				E0FAFD5D24CBB52900C8C685 /* Resources */,
				08751850F693CBABABF340A9 /* [CP] Embed Pods Frameworks */,
			);
			buildRules = (
			);
			dependencies = (
			);
			name = "App Store";
			productName = "App Store";
			productReference = E0FAFD5F24CBB52900C8C685 /* App Store.app */;
			productType = "com.apple.product-type.application";
		};
/* End PBXNativeTarget section */

/* Begin PBXProject section */
		E0FAFD5724CBB52900C8C685 /* Project object */ = {
			isa = PBXProject;
			attributes = {
				LastSwiftUpdateCheck = 1160;
				LastUpgradeCheck = 1160;
				ORGANIZATIONNAME = "Peter Bassem";
				TargetAttributes = {
					E0FAFD5E24CBB52900C8C685 = {
						CreatedOnToolsVersion = 11.6;
					};
				};
			};
			buildConfigurationList = E0FAFD5A24CBB52900C8C685 /* Build configuration list for PBXProject "App Store" */;
			compatibilityVersion = "Xcode 9.3";
			developmentRegion = en;
			hasScannedForEncodings = 0;
			knownRegions = (
				en,
				Base,
			);
			mainGroup = E0FAFD5624CBB52900C8C685;
			productRefGroup = E0FAFD6024CBB52900C8C685 /* Products */;
			projectDirPath = "";
			projectRoot = "";
			targets = (
				E0FAFD5E24CBB52900C8C685 /* App Store */,
			);
		};
/* End PBXProject section */

/* Begin PBXResourcesBuildPhase section */
		E0FAFD5D24CBB52900C8C685 /* Resources */ = {
			isa = PBXResourcesBuildPhase;
			buildActionMask = 2147483647;
			files = (
				E0FAFD6F24CBB52E00C8C685 /* LaunchScreen.storyboard in Resources */,
				E0FAFD6C24CBB52E00C8C685 /* Assets.xcassets in Resources */,
				E0FAFD6A24CBB52900C8C685 /* Main.storyboard in Resources */,
			);
			runOnlyForDeploymentPostprocessing = 0;
		};
/* End PBXResourcesBuildPhase section */

/* Begin PBXShellScriptBuildPhase section */
		08751850F693CBABABF340A9 /* [CP] Embed Pods Frameworks */ = {
			isa = PBXShellScriptBuildPhase;
			buildActionMask = 2147483647;
			files = (
			);
			inputFileListPaths = (
				"${PODS_ROOT}/Target Support Files/Pods-App Store/Pods-App Store-frameworks-${CONFIGURATION}-input-files.xcfilelist",
			);
			name = "[CP] Embed Pods Frameworks";
			outputFileListPaths = (
				"${PODS_ROOT}/Target Support Files/Pods-App Store/Pods-App Store-frameworks-${CONFIGURATION}-output-files.xcfilelist",
			);
			runOnlyForDeploymentPostprocessing = 0;
			shellPath = /bin/sh;
			shellScript = "\"${PODS_ROOT}/Target Support Files/Pods-App Store/Pods-App Store-frameworks.sh\"\n";
			showEnvVarsInLog = 0;
		};
		1AA92A3AA8E3C470E7564E8A /* [CP] Check Pods Manifest.lock */ = {
			isa = PBXShellScriptBuildPhase;
			buildActionMask = 2147483647;
			files = (
			);
			inputFileListPaths = (
			);
			inputPaths = (
				"${PODS_PODFILE_DIR_PATH}/Podfile.lock",
				"${PODS_ROOT}/Manifest.lock",
			);
			name = "[CP] Check Pods Manifest.lock";
			outputFileListPaths = (
			);
			outputPaths = (
				"$(DERIVED_FILE_DIR)/Pods-App Store-checkManifestLockResult.txt",
			);
			runOnlyForDeploymentPostprocessing = 0;
			shellPath = /bin/sh;
			shellScript = "diff \"${PODS_PODFILE_DIR_PATH}/Podfile.lock\" \"${PODS_ROOT}/Manifest.lock\" > /dev/null\nif [ $? != 0 ] ; then\n    # print error to STDERR\n    echo \"error: The sandbox is not in sync with the Podfile.lock. Run 'pod install' or update your CocoaPods installation.\" >&2\n    exit 1\nfi\n# This output is used by Xcode 'outputs' to avoid re-running this script phase.\necho \"SUCCESS\" > \"${SCRIPT_OUTPUT_FILE_0}\"\n";
			showEnvVarsInLog = 0;
		};
/* End PBXShellScriptBuildPhase section */

/* Begin PBXSourcesBuildPhase section */
		E0FAFD5B24CBB52900C8C685 /* Sources */ = {
			isa = PBXSourcesBuildPhase;
			buildActionMask = 2147483647;
			files = (
				E0E0963824CEAFC7002B10E1 /* BackEnabledNavigationController.swift in Sources */,
				E0FAFD7A24CBC13A00C8C685 /* AppsSearchCollectionViewController.swift in Sources */,
				E0DA936424CBD9FF005C03E2 /* SearchResult.swift in Sources */,
				E0DA935B24CBC6E5005C03E2 /* SearchResultCollectionViewCell.swift in Sources */,
				E0FAFD6724CBB52900C8C685 /* ViewController.swift in Sources */,
				E09020C724CD2DD7000161E8 /* ScreenshotCollectionViewCell.swift in Sources */,
				E06745D724CC2E4B00E4A242 /* GamesResults.swift in Sources */,
				E0A8824424CC10EB00482B87 /* AppsPageCollectionViewController.swift in Sources */,
				E0DA936624CBDA05005C03E2 /* Results.swift in Sources */,
				E0B3EAAD24CC169000538810 /* AppsHorizontalCollectionViewController.swift in Sources */,
				E0691F9824CCC60B00997DE2 /* AppDetailsCollectionViewController.swift in Sources */,
				E09020BC24CD0F8F000161E8 /* PreviewScreenshotsCollectionViewController.swift in Sources */,
				E09020B824CD0E53000161E8 /* PreviewCollectionViewCell.swift in Sources */,
				E09020CA24CD3754000161E8 /* TodayCollectionViewController.swift in Sources */,
				E06745D624CC2E4B00E4A242 /* GamesFeed.swift in Sources */,
				E0B3EAAB24CC13FD00538810 /* AppsGroupCollectionViewCell.swift in Sources */,
				E09020D624CE6A0C000161E8 /* TodayItem.swift in Sources */,
				E0FAFD6324CBB52900C8C685 /* AppDelegate.swift in Sources */,
				E06745CB24CC26C100E4A242 /* AppsHeaderCollectionViewCell.swift in Sources */,
				E0691F9B24CCCB7000997DE2 /* AppDetailsCollectionViewCell.swift in Sources */,
				E06745C724CC235800E4A242 /* AppsPageHeaderCollectionReusableView.swift in Sources */,
				E0B3EAAF24CC1C6500538810 /* AppRowCollectionViewCell.swift in Sources */,
				E06745D824CC2E4B00E4A242 /* AppGroup.swift in Sources */,
				E0E0963624CE97C2002B10E1 /* MultipleAppCollectionViewCell.swift in Sources */,
				E0A8824724CC117C00482B87 /* BaseListCollectionViewController.swift in Sources */,
				E041539024CC4C28004DC40F /* SocialApp.swift in Sources */,
				E0691F9524CC994600997DE2 /* BetterSnappingLayout.swift in Sources */,
				E0FAFD6524CBB52900C8C685 /* SceneDelegate.swift in Sources */,
				E0DA936124CBD12C005C03E2 /* VerticalStackView.swift in Sources */,
				E0691F9324CC8ECF00997DE2 /* HorizontalSnappingCollectionViewController.swift in Sources */,
				E0DA936924CBE195005C03E2 /* Service.swift in Sources */,
				E09020CF24CD460B000161E8 /* AppFullScreenTableViewController.swift in Sources */,
				E09020C024CD1742000161E8 /* ReviewsCollectionViewController.swift in Sources */,
				E09020D124CD489B000161E8 /* AppFullScreenDescriptionTableViewCell.swift in Sources */,
				E0E0963424CE9744002B10E1 /* TodayMultipleAppsCollectionViewController.swift in Sources */,
				E06745C924CC24F400E4A242 /* AppsHeaderHorizontalCollectionViewController.swift in Sources */,
				E09020C224CD1930000161E8 /* ReviewCollectionViewCell.swift in Sources */,
				E0B3EAB124CC1D0B00538810 /* Extensions.swift in Sources */,
				E09020BE24CD15A5000161E8 /* ReviewRowCollectionViewCell.swift in Sources */,
				E09020D324CD5402000161E8 /* AppFullScreenHeaderTableViewCell.swift in Sources */,
				E09020CD24CD3811000161E8 /* TodayCollectionViewCell.swift in Sources */,
				E09020D824CE8E22000161E8 /* TodayMultiAppCollectionViewCell.swift in Sources */,
				E0E0963224CE95C0002B10E1 /* BaseTodayCollectionViewCell.swift in Sources */,
				E06745D424CC2E4B00E4A242 /* GamesAuthor.swift in Sources */,
				E06745D924CC2E4B00E4A242 /* GamesGenres.swift in Sources */,
				E09020C524CD1EB0000161E8 /* Reviews.swift in Sources */,
				E0DA935F24CBCD73005C03E2 /* UIView+Layout.swift in Sources */,
				E0FAFD7724CBB5DA00C8C685 /* BaseTabBarViewController.swift in Sources */,
			);
			runOnlyForDeploymentPostprocessing = 0;
		};
/* End PBXSourcesBuildPhase section */

/* Begin PBXVariantGroup section */
		E0FAFD6824CBB52900C8C685 /* Main.storyboard */ = {
			isa = PBXVariantGroup;
			children = (
				E0FAFD6924CBB52900C8C685 /* Base */,
			);
			name = Main.storyboard;
			sourceTree = "<group>";
		};
		E0FAFD6D24CBB52E00C8C685 /* LaunchScreen.storyboard */ = {
			isa = PBXVariantGroup;
			children = (
				E0FAFD6E24CBB52E00C8C685 /* Base */,
			);
			name = LaunchScreen.storyboard;
			sourceTree = "<group>";
		};
/* End PBXVariantGroup section */

/* Begin XCBuildConfiguration section */
		E0FAFD7124CBB52E00C8C685 /* Debug */ = {
			isa = XCBuildConfiguration;
			buildSettings = {
				ALWAYS_SEARCH_USER_PATHS = NO;
				CLANG_ANALYZER_NONNULL = YES;
				CLANG_ANALYZER_NUMBER_OBJECT_CONVERSION = YES_AGGRESSIVE;
				CLANG_CXX_LANGUAGE_STANDARD = "gnu++14";
				CLANG_CXX_LIBRARY = "libc++";
				CLANG_ENABLE_MODULES = YES;
				CLANG_ENABLE_OBJC_ARC = YES;
				CLANG_ENABLE_OBJC_WEAK = YES;
				CLANG_WARN_BLOCK_CAPTURE_AUTORELEASING = YES;
				CLANG_WARN_BOOL_CONVERSION = YES;
				CLANG_WARN_COMMA = YES;
				CLANG_WARN_CONSTANT_CONVERSION = YES;
				CLANG_WARN_DEPRECATED_OBJC_IMPLEMENTATIONS = YES;
				CLANG_WARN_DIRECT_OBJC_ISA_USAGE = YES_ERROR;
				CLANG_WARN_DOCUMENTATION_COMMENTS = YES;
				CLANG_WARN_EMPTY_BODY = YES;
				CLANG_WARN_ENUM_CONVERSION = YES;
				CLANG_WARN_INFINITE_RECURSION = YES;
				CLANG_WARN_INT_CONVERSION = YES;
				CLANG_WARN_NON_LITERAL_NULL_CONVERSION = YES;
				CLANG_WARN_OBJC_IMPLICIT_RETAIN_SELF = YES;
				CLANG_WARN_OBJC_LITERAL_CONVERSION = YES;
				CLANG_WARN_OBJC_ROOT_CLASS = YES_ERROR;
				CLANG_WARN_RANGE_LOOP_ANALYSIS = YES;
				CLANG_WARN_STRICT_PROTOTYPES = YES;
				CLANG_WARN_SUSPICIOUS_MOVE = YES;
				CLANG_WARN_UNGUARDED_AVAILABILITY = YES_AGGRESSIVE;
				CLANG_WARN_UNREACHABLE_CODE = YES;
				CLANG_WARN__DUPLICATE_METHOD_MATCH = YES;
				COPY_PHASE_STRIP = NO;
				DEBUG_INFORMATION_FORMAT = dwarf;
				ENABLE_STRICT_OBJC_MSGSEND = YES;
				ENABLE_TESTABILITY = YES;
				GCC_C_LANGUAGE_STANDARD = gnu11;
				GCC_DYNAMIC_NO_PIC = NO;
				GCC_NO_COMMON_BLOCKS = YES;
				GCC_OPTIMIZATION_LEVEL = 0;
				GCC_PREPROCESSOR_DEFINITIONS = (
					"DEBUG=1",
					"$(inherited)",
				);
				GCC_WARN_64_TO_32_BIT_CONVERSION = YES;
				GCC_WARN_ABOUT_RETURN_TYPE = YES_ERROR;
				GCC_WARN_UNDECLARED_SELECTOR = YES;
				GCC_WARN_UNINITIALIZED_AUTOS = YES_AGGRESSIVE;
				GCC_WARN_UNUSED_FUNCTION = YES;
				GCC_WARN_UNUSED_VARIABLE = YES;
				IPHONEOS_DEPLOYMENT_TARGET = 13.6;
				MTL_ENABLE_DEBUG_INFO = INCLUDE_SOURCE;
				MTL_FAST_MATH = YES;
				ONLY_ACTIVE_ARCH = YES;
				SDKROOT = iphoneos;
				SWIFT_ACTIVE_COMPILATION_CONDITIONS = DEBUG;
				SWIFT_OPTIMIZATION_LEVEL = "-Onone";
			};
			name = Debug;
		};
		E0FAFD7224CBB52E00C8C685 /* Release */ = {
			isa = XCBuildConfiguration;
			buildSettings = {
				ALWAYS_SEARCH_USER_PATHS = NO;
				CLANG_ANALYZER_NONNULL = YES;
				CLANG_ANALYZER_NUMBER_OBJECT_CONVERSION = YES_AGGRESSIVE;
				CLANG_CXX_LANGUAGE_STANDARD = "gnu++14";
				CLANG_CXX_LIBRARY = "libc++";
				CLANG_ENABLE_MODULES = YES;
				CLANG_ENABLE_OBJC_ARC = YES;
				CLANG_ENABLE_OBJC_WEAK = YES;
				CLANG_WARN_BLOCK_CAPTURE_AUTORELEASING = YES;
				CLANG_WARN_BOOL_CONVERSION = YES;
				CLANG_WARN_COMMA = YES;
				CLANG_WARN_CONSTANT_CONVERSION = YES;
				CLANG_WARN_DEPRECATED_OBJC_IMPLEMENTATIONS = YES;
				CLANG_WARN_DIRECT_OBJC_ISA_USAGE = YES_ERROR;
				CLANG_WARN_DOCUMENTATION_COMMENTS = YES;
				CLANG_WARN_EMPTY_BODY = YES;
				CLANG_WARN_ENUM_CONVERSION = YES;
				CLANG_WARN_INFINITE_RECURSION = YES;
				CLANG_WARN_INT_CONVERSION = YES;
				CLANG_WARN_NON_LITERAL_NULL_CONVERSION = YES;
				CLANG_WARN_OBJC_IMPLICIT_RETAIN_SELF = YES;
				CLANG_WARN_OBJC_LITERAL_CONVERSION = YES;
				CLANG_WARN_OBJC_ROOT_CLASS = YES_ERROR;
				CLANG_WARN_RANGE_LOOP_ANALYSIS = YES;
				CLANG_WARN_STRICT_PROTOTYPES = YES;
				CLANG_WARN_SUSPICIOUS_MOVE = YES;
				CLANG_WARN_UNGUARDED_AVAILABILITY = YES_AGGRESSIVE;
				CLANG_WARN_UNREACHABLE_CODE = YES;
				CLANG_WARN__DUPLICATE_METHOD_MATCH = YES;
				COPY_PHASE_STRIP = NO;
				DEBUG_INFORMATION_FORMAT = "dwarf-with-dsym";
				ENABLE_NS_ASSERTIONS = NO;
				ENABLE_STRICT_OBJC_MSGSEND = YES;
				GCC_C_LANGUAGE_STANDARD = gnu11;
				GCC_NO_COMMON_BLOCKS = YES;
				GCC_WARN_64_TO_32_BIT_CONVERSION = YES;
				GCC_WARN_ABOUT_RETURN_TYPE = YES_ERROR;
				GCC_WARN_UNDECLARED_SELECTOR = YES;
				GCC_WARN_UNINITIALIZED_AUTOS = YES_AGGRESSIVE;
				GCC_WARN_UNUSED_FUNCTION = YES;
				GCC_WARN_UNUSED_VARIABLE = YES;
				IPHONEOS_DEPLOYMENT_TARGET = 13.6;
				MTL_ENABLE_DEBUG_INFO = NO;
				MTL_FAST_MATH = YES;
				SDKROOT = iphoneos;
				SWIFT_COMPILATION_MODE = wholemodule;
				SWIFT_OPTIMIZATION_LEVEL = "-O";
				VALIDATE_PRODUCT = YES;
			};
			name = Release;
		};
		E0FAFD7424CBB52E00C8C685 /* Debug */ = {
			isa = XCBuildConfiguration;
			baseConfigurationReference = F5F1F409E263253375E96D3E /* Pods-App Store.debug.xcconfig */;
			buildSettings = {
				ASSETCATALOG_COMPILER_APPICON_NAME = AppIcon;
				CODE_SIGN_STYLE = Automatic;
				DEVELOPMENT_TEAM = 7V9A3KLB32;
				INFOPLIST_FILE = "App Store/Info.plist";
				LD_RUNPATH_SEARCH_PATHS = (
					"$(inherited)",
					"@executable_path/Frameworks",
				);
				PRODUCT_BUNDLE_IDENTIFIER = "com.peter-bassem.App-Store";
				PRODUCT_NAME = "$(TARGET_NAME)";
				SWIFT_VERSION = 5.0;
				TARGETED_DEVICE_FAMILY = "1,2";
			};
			name = Debug;
		};
		E0FAFD7524CBB52E00C8C685 /* Release */ = {
			isa = XCBuildConfiguration;
			baseConfigurationReference = 18D9506E54229D7C13D33E14 /* Pods-App Store.release.xcconfig */;
			buildSettings = {
				ASSETCATALOG_COMPILER_APPICON_NAME = AppIcon;
				CODE_SIGN_STYLE = Automatic;
				DEVELOPMENT_TEAM = 7V9A3KLB32;
				INFOPLIST_FILE = "App Store/Info.plist";
				LD_RUNPATH_SEARCH_PATHS = (
					"$(inherited)",
					"@executable_path/Frameworks",
				);
				PRODUCT_BUNDLE_IDENTIFIER = "com.peter-bassem.App-Store";
				PRODUCT_NAME = "$(TARGET_NAME)";
				SWIFT_VERSION = 5.0;
				TARGETED_DEVICE_FAMILY = "1,2";
			};
			name = Release;
		};
/* End XCBuildConfiguration section */

/* Begin XCConfigurationList section */
		E0FAFD5A24CBB52900C8C685 /* Build configuration list for PBXProject "App Store" */ = {
			isa = XCConfigurationList;
			buildConfigurations = (
				E0FAFD7124CBB52E00C8C685 /* Debug */,
				E0FAFD7224CBB52E00C8C685 /* Release */,
			);
			defaultConfigurationIsVisible = 0;
			defaultConfigurationName = Release;
		};
		E0FAFD7324CBB52E00C8C685 /* Build configuration list for PBXNativeTarget "App Store" */ = {
			isa = XCConfigurationList;
			buildConfigurations = (
				E0FAFD7424CBB52E00C8C685 /* Debug */,
				E0FAFD7524CBB52E00C8C685 /* Release */,
			);
			defaultConfigurationIsVisible = 0;
			defaultConfigurationName = Release;
		};
/* End XCConfigurationList section */
	};
	rootObject = E0FAFD5724CBB52900C8C685 /* Project object */;
}
